
Microsoft Visual Studio Solution File, Format Version 12.00
# Visual Studio Version 17
VisualStudioVersion = 17.10.35122.118
MinimumVisualStudioVersion = 10.0.40219.1
Project("{9A19103F-16F7-4668-BE54-9A1E7A4F7556}") = "Flow.Launcher.Plugin.HashPlugin", "Flow.Launcher.Plugin.HashPlugin.csproj", "{51A86395-1E9B-4191-85B2-1E90B12B9E21}"
EndProject
Global
	GlobalSection(SolutionConfigurationPlatforms) = preSolution
		Debug|Any CPU = Debug|Any CPU
		Release|Any CPU = Release|Any CPU
	EndGlobalSection
	GlobalSection(ProjectConfigurationPlatforms) = postSolution
		{51A86395-1E9B-4191-85B2-1E90B12B9E21}.Debug|Any CPU.ActiveCfg = Debug|Any CPU
		{51A86395-1E9B-4191-85B2-1E90B12B9E21}.Debug|Any CPU.Build.0 = Debug|Any CPU
		{51A86395-1E9B-4191-85B2-1E90B12B9E21}.Release|Any CPU.ActiveCfg = Release|Any CPU
		{51A86395-1E9B-4191-85B2-1E90B12B9E21}.Release|Any CPU.Build.0 = Release|Any CPU
	EndGlobalSection
	GlobalSection(SolutionProperties) = preSolution
		HideSolutionNode = FALSE
	EndGlobalSection
	GlobalSection(ExtensibilityGlobals) = postSolution
		SolutionGuid = {0A0514A4-3E9F-49FF-996E-C4991E260E76}
	EndGlobalSection
EndGlobal
